// !$*UTF8*$!
{
	archiveVersion = 1;
	classes = {
	};
	objectVersion = 52;
	objects = {

/* Begin PBXBuildFile section */
		6677903025EBA48300B3B66C /* AppDelegate.swift in Sources */ = {isa = PBXBuildFile; fileRef = 6677902F25EBA48300B3B66C /* AppDelegate.swift */; };
		6677903225EBA48300B3B66C /* SceneDelegate.swift in Sources */ = {isa = PBXBuildFile; fileRef = 6677903125EBA48300B3B66C /* SceneDelegate.swift */; };
		6677903725EBA48300B3B66C /* Main.storyboard in Resources */ = {isa = PBXBuildFile; fileRef = 6677903525EBA48300B3B66C /* Main.storyboard */; };
		6677903925EBA48500B3B66C /* Assets.xcassets in Resources */ = {isa = PBXBuildFile; fileRef = 6677903825EBA48500B3B66C /* Assets.xcassets */; };
		6677903C25EBA48500B3B66C /* LaunchScreen.storyboard in Resources */ = {isa = PBXBuildFile; fileRef = 6677903A25EBA48500B3B66C /* LaunchScreen.storyboard */; };
		DF78ADA025ECB5B300467865 /* SearchVC.swift in Sources */ = {isa = PBXBuildFile; fileRef = DF78AD9F25ECB5B300467865 /* SearchVC.swift */; };
		DF78ADA425ECBDAB00467865 /* ResultVC.swift in Sources */ = {isa = PBXBuildFile; fileRef = DF78ADA325ECBDAB00467865 /* ResultVC.swift */; };
		DF78ADC425ECEAB500467865 /* APIManager.swift in Sources */ = {isa = PBXBuildFile; fileRef = DF78ADC325ECEAB500467865 /* APIManager.swift */; };
		DF78ADCA25ED2C2800467865 /* PKHUD in Frameworks */ = {isa = PBXBuildFile; productRef = DF78ADC925ED2C2800467865 /* PKHUD */; };
		DF78ADE325EE722400467865 /* ResultModel.swift in Sources */ = {isa = PBXBuildFile; fileRef = DF78ADE225EE722400467865 /* ResultModel.swift */; };
		DF78ADE625EE7D7E00467865 /* PhotosModel.swift in Sources */ = {isa = PBXBuildFile; fileRef = DF78ADE525EE7D7E00467865 /* PhotosModel.swift */; };
		DF78ADE925EE7D8D00467865 /* PhotoModel.swift in Sources */ = {isa = PBXBuildFile; fileRef = DF78ADE825EE7D8D00467865 /* PhotoModel.swift */; };
		DF78ADEF25EFB63A00467865 /* HttpTools.swift in Sources */ = {isa = PBXBuildFile; fileRef = DF78ADEE25EFB63A00467865 /* HttpTools.swift */; };
		DF78ADF425EFB92700467865 /* IQKeyboardManagerSwift in Frameworks */ = {isa = PBXBuildFile; productRef = DF78ADF325EFB92700467865 /* IQKeyboardManagerSwift */; };
/* End PBXBuildFile section */

/* Begin PBXFileReference section */
		6677902C25EBA48300B3B66C /* FlickerDemo.app */ = {isa = PBXFileReference; explicitFileType = wrapper.application; includeInIndex = 0; path = FlickerDemo.app; sourceTree = BUILT_PRODUCTS_DIR; };
		6677902F25EBA48300B3B66C /* AppDelegate.swift */ = {isa = PBXFileReference; lastKnownFileType = sourcecode.swift; path = AppDelegate.swift; sourceTree = "<group>"; };
		6677903125EBA48300B3B66C /* SceneDelegate.swift */ = {isa = PBXFileReference; lastKnownFileType = sourcecode.swift; path = SceneDelegate.swift; sourceTree = "<group>"; };
		6677903625EBA48300B3B66C /* Base */ = {isa = PBXFileReference; lastKnownFileType = file.storyboard; name = Base; path = Base.lproj/Main.storyboard; sourceTree = "<group>"; };
		6677903825EBA48500B3B66C /* Assets.xcassets */ = {isa = PBXFileReference; lastKnownFileType = folder.assetcatalog; path = Assets.xcassets; sourceTree = "<group>"; };
		6677903B25EBA48500B3B66C /* Base */ = {isa = PBXFileReference; lastKnownFileType = file.storyboard; name = Base; path = Base.lproj/LaunchScreen.storyboard; sourceTree = "<group>"; };
		6677903D25EBA48500B3B66C /* Info.plist */ = {isa = PBXFileReference; lastKnownFileType = text.plist.xml; path = Info.plist; sourceTree = "<group>"; };
		DF78AD9F25ECB5B300467865 /* SearchVC.swift */ = {isa = PBXFileReference; fileEncoding = 4; lastKnownFileType = sourcecode.swift; path = SearchVC.swift; sourceTree = "<group>"; };
		DF78ADA325ECBDAB00467865 /* ResultVC.swift */ = {isa = PBXFileReference; fileEncoding = 4; lastKnownFileType = sourcecode.swift; path = ResultVC.swift; sourceTree = "<group>"; };
		DF78ADC325ECEAB500467865 /* APIManager.swift */ = {isa = PBXFileReference; lastKnownFileType = sourcecode.swift; path = APIManager.swift; sourceTree = "<group>"; };
		DF78ADE225EE722400467865 /* ResultModel.swift */ = {isa = PBXFileReference; lastKnownFileType = sourcecode.swift; path = ResultModel.swift; sourceTree = "<group>"; };
		DF78ADE525EE7D7E00467865 /* PhotosModel.swift */ = {isa = PBXFileReference; lastKnownFileType = sourcecode.swift; path = PhotosModel.swift; sourceTree = "<group>"; };
		DF78ADE825EE7D8D00467865 /* PhotoModel.swift */ = {isa = PBXFileReference; lastKnownFileType = sourcecode.swift; path = PhotoModel.swift; sourceTree = "<group>"; };
		DF78ADEE25EFB63A00467865 /* HttpTools.swift */ = {isa = PBXFileReference; lastKnownFileType = sourcecode.swift; path = HttpTools.swift; sourceTree = "<group>"; };
/* End PBXFileReference section */

/* Begin PBXFrameworksBuildPhase section */
		6677902925EBA48300B3B66C /* Frameworks */ = {
			isa = PBXFrameworksBuildPhase;
			buildActionMask = 2147483647;
			files = (
				DF78ADCA25ED2C2800467865 /* PKHUD in Frameworks */,
				DF78ADF425EFB92700467865 /* IQKeyboardManagerSwift in Frameworks */,
			);
			runOnlyForDeploymentPostprocessing = 0;
		};
/* End PBXFrameworksBuildPhase section */

/* Begin PBXGroup section */
		6677902325EBA48300B3B66C = {
			isa = PBXGroup;
			children = (
				6677902E25EBA48300B3B66C /* FlickerDemo */,
				6677902D25EBA48300B3B66C /* Products */,
			);
			sourceTree = "<group>";
		};
		6677902D25EBA48300B3B66C /* Products */ = {
			isa = PBXGroup;
			children = (
				6677902C25EBA48300B3B66C /* FlickerDemo.app */,
			);
			name = Products;
			sourceTree = "<group>";
		};
		6677902E25EBA48300B3B66C /* FlickerDemo */ = {
			isa = PBXGroup;
			children = (
				DF78ADE125EE721200467865 /* Model */,
				DF78ADC225ECEA7C00467865 /* Module */,
				DF78AD9E25ECB5B300467865 /* VCs */,
				6677902F25EBA48300B3B66C /* AppDelegate.swift */,
				6677903125EBA48300B3B66C /* SceneDelegate.swift */,
				6677903525EBA48300B3B66C /* Main.storyboard */,
				6677903825EBA48500B3B66C /* Assets.xcassets */,
				6677903A25EBA48500B3B66C /* LaunchScreen.storyboard */,
				6677903D25EBA48500B3B66C /* Info.plist */,
			);
			path = FlickerDemo;
			sourceTree = "<group>";
		};
		DF78AD9E25ECB5B300467865 /* VCs */ = {
			isa = PBXGroup;
			children = (
				DF78ADA325ECBDAB00467865 /* ResultVC.swift */,
				DF78AD9F25ECB5B300467865 /* SearchVC.swift */,
			);
			path = VCs;
			sourceTree = "<group>";
		};
		DF78ADC225ECEA7C00467865 /* Module */ = {
			isa = PBXGroup;
			children = (
				DF78ADC325ECEAB500467865 /* APIManager.swift */,
				DF78ADEE25EFB63A00467865 /* HttpTools.swift */,
			);
			path = Module;
			sourceTree = "<group>";
		};
		DF78ADE125EE721200467865 /* Model */ = {
			isa = PBXGroup;
			children = (
				DF78ADE825EE7D8D00467865 /* PhotoModel.swift */,
				DF78ADE525EE7D7E00467865 /* PhotosModel.swift */,
				DF78ADE225EE722400467865 /* ResultModel.swift */,
			);
			path = Model;
			sourceTree = "<group>";
		};
/* End PBXGroup section */

/* Begin PBXNativeTarget section */
		6677902B25EBA48300B3B66C /* FlickerDemo */ = {
			isa = PBXNativeTarget;
			buildConfigurationList = 6677904025EBA48500B3B66C /* Build configuration list for PBXNativeTarget "FlickerDemo" */;
			buildPhases = (
				6677902825EBA48300B3B66C /* Sources */,
				6677902925EBA48300B3B66C /* Frameworks */,
				6677902A25EBA48300B3B66C /* Resources */,
			);
			buildRules = (
			);
			dependencies = (
			);
			name = FlickerDemo;
			packageProductDependencies = (
				DF78ADC925ED2C2800467865 /* PKHUD */,
				DF78ADF325EFB92700467865 /* IQKeyboardManagerSwift */,
			);
			productName = FlickerDemo;
			productReference = 6677902C25EBA48300B3B66C /* FlickerDemo.app */;
			productType = "com.apple.product-type.application";
		};
/* End PBXNativeTarget section */

/* Begin PBXProject section */
		6677902425EBA48300B3B66C /* Project object */ = {
			isa = PBXProject;
			attributes = {
				LastSwiftUpdateCheck = 1240;
				LastUpgradeCheck = 1240;
				TargetAttributes = {
					6677902B25EBA48300B3B66C = {
						CreatedOnToolsVersion = 12.4;
					};
				};
			};
			buildConfigurationList = 6677902725EBA48300B3B66C /* Build configuration list for PBXProject "FlickerDemo" */;
			compatibilityVersion = "Xcode 9.3";
			developmentRegion = en;
			hasScannedForEncodings = 0;
			knownRegions = (
				en,
				Base,
			);
			mainGroup = 6677902325EBA48300B3B66C;
			packageReferences = (
				DF78ADC825ED2C2800467865 /* XCRemoteSwiftPackageReference "PKHUD" */,
				DF78ADF225EFB92700467865 /* XCRemoteSwiftPackageReference "IQKeyboardManager" */,
			);
			productRefGroup = 6677902D25EBA48300B3B66C /* Products */;
			projectDirPath = "";
			projectRoot = "";
			targets = (
				6677902B25EBA48300B3B66C /* FlickerDemo */,
			);
		};
/* End PBXProject section */

/* Begin PBXResourcesBuildPhase section */
		6677902A25EBA48300B3B66C /* Resources */ = {
			isa = PBXResourcesBuildPhase;
			buildActionMask = 2147483647;
			files = (
				6677903C25EBA48500B3B66C /* LaunchScreen.storyboard in Resources */,
				6677903925EBA48500B3B66C /* Assets.xcassets in Resources */,
				6677903725EBA48300B3B66C /* Main.storyboard in Resources */,
			);
			runOnlyForDeploymentPostprocessing = 0;
		};
/* End PBXResourcesBuildPhase section */

/* Begin PBXSourcesBuildPhase section */
		6677902825EBA48300B3B66C /* Sources */ = {
			isa = PBXSourcesBuildPhase;
			buildActionMask = 2147483647;
			files = (
				DF78ADEF25EFB63A00467865 /* HttpTools.swift in Sources */,
				DF78ADE625EE7D7E00467865 /* PhotosModel.swift in Sources */,
				DF78ADA025ECB5B300467865 /* SearchVC.swift in Sources */,
				DF78ADA425ECBDAB00467865 /* ResultVC.swift in Sources */,
				DF78ADE325EE722400467865 /* ResultModel.swift in Sources */,
				DF78ADC425ECEAB500467865 /* APIManager.swift in Sources */,
				6677903025EBA48300B3B66C /* AppDelegate.swift in Sources */,
				DF78ADE925EE7D8D00467865 /* PhotoModel.swift in Sources */,
				6677903225EBA48300B3B66C /* SceneDelegate.swift in Sources */,
			);
			runOnlyForDeploymentPostprocessing = 0;
		};
/* End PBXSourcesBuildPhase section */

/* Begin PBXVariantGroup section */
		6677903525EBA48300B3B66C /* Main.storyboard */ = {
			isa = PBXVariantGroup;
			children = (
				6677903625EBA48300B3B66C /* Base */,
			);
			name = Main.storyboard;
			sourceTree = "<group>";
		};
		6677903A25EBA48500B3B66C /* LaunchScreen.storyboard */ = {
			isa = PBXVariantGroup;
			children = (
				6677903B25EBA48500B3B66C /* Base */,
			);
			name = LaunchScreen.storyboard;
			sourceTree = "<group>";
		};
/* End PBXVariantGroup section */

/* Begin XCBuildConfiguration section */
		6677903E25EBA48500B3B66C /* Debug */ = {
			isa = XCBuildConfiguration;
			buildSettings = {
				ALWAYS_SEARCH_USER_PATHS = NO;
				CLANG_ANALYZER_NONNULL = YES;
				CLANG_ANALYZER_NUMBER_OBJECT_CONVERSION = YES_AGGRESSIVE;
				CLANG_CXX_LANGUAGE_STANDARD = "gnu++14";
				CLANG_CXX_LIBRARY = "libc++";
				CLANG_ENABLE_MODULES = YES;
				CLANG_ENABLE_OBJC_ARC = YES;
				CLANG_ENABLE_OBJC_WEAK = YES;
				CLANG_WARN_BLOCK_CAPTURE_AUTORELEASING = YES;
				CLANG_WARN_BOOL_CONVERSION = YES;
				CLANG_WARN_COMMA = YES;
				CLANG_WARN_CONSTANT_CONVERSION = YES;
				CLANG_WARN_DEPRECATED_OBJC_IMPLEMENTATIONS = YES;
				CLANG_WARN_DIRECT_OBJC_ISA_USAGE = YES_ERROR;
				CLANG_WARN_DOCUMENTATION_COMMENTS = YES;
				CLANG_WARN_EMPTY_BODY = YES;
				CLANG_WARN_ENUM_CONVERSION = YES;
				CLANG_WARN_INFINITE_RECURSION = YES;
				CLANG_WARN_INT_CONVERSION = YES;
				CLANG_WARN_NON_LITERAL_NULL_CONVERSION = YES;
				CLANG_WARN_OBJC_IMPLICIT_RETAIN_SELF = YES;
				CLANG_WARN_OBJC_LITERAL_CONVERSION = YES;
				CLANG_WARN_OBJC_ROOT_CLASS = YES_ERROR;
				CLANG_WARN_QUOTED_INCLUDE_IN_FRAMEWORK_HEADER = YES;
				CLANG_WARN_RANGE_LOOP_ANALYSIS = YES;
				CLANG_WARN_STRICT_PROTOTYPES = YES;
				CLANG_WARN_SUSPICIOUS_MOVE = YES;
				CLANG_WARN_UNGUARDED_AVAILABILITY = YES_AGGRESSIVE;
				CLANG_WARN_UNREACHABLE_CODE = YES;
				CLANG_WARN__DUPLICATE_METHOD_MATCH = YES;
				COPY_PHASE_STRIP = NO;
				DEBUG_INFORMATION_FORMAT = dwarf;
				ENABLE_STRICT_OBJC_MSGSEND = YES;
				ENABLE_TESTABILITY = YES;
				GCC_C_LANGUAGE_STANDARD = gnu11;
				GCC_DYNAMIC_NO_PIC = NO;
				GCC_NO_COMMON_BLOCKS = YES;
				GCC_OPTIMIZATION_LEVEL = 0;
				GCC_PREPROCESSOR_DEFINITIONS = (
					"DEBUG=1",
					"$(inherited)",
				);
				GCC_WARN_64_TO_32_BIT_CONVERSION = YES;
				GCC_WARN_ABOUT_RETURN_TYPE = YES_ERROR;
				GCC_WARN_UNDECLARED_SELECTOR = YES;
				GCC_WARN_UNINITIALIZED_AUTOS = YES_AGGRESSIVE;
				GCC_WARN_UNUSED_FUNCTION = YES;
				GCC_WARN_UNUSED_VARIABLE = YES;
				IPHONEOS_DEPLOYMENT_TARGET = 14.4;
				MTL_ENABLE_DEBUG_INFO = INCLUDE_SOURCE;
				MTL_FAST_MATH = YES;
				ONLY_ACTIVE_ARCH = YES;
				SDKROOT = iphoneos;
				SWIFT_ACTIVE_COMPILATION_CONDITIONS = DEBUG;
				SWIFT_OPTIMIZATION_LEVEL = "-Onone";
			};
			name = Debug;
		};
		6677903F25EBA48500B3B66C /* Release */ = {
			isa = XCBuildConfiguration;
			buildSettings = {
				ALWAYS_SEARCH_USER_PATHS = NO;
				CLANG_ANALYZER_NONNULL = YES;
				CLANG_ANALYZER_NUMBER_OBJECT_CONVERSION = YES_AGGRESSIVE;
				CLANG_CXX_LANGUAGE_STANDARD = "gnu++14";
				CLANG_CXX_LIBRARY = "libc++";
				CLANG_ENABLE_MODULES = YES;
				CLANG_ENABLE_OBJC_ARC = YES;
				CLANG_ENABLE_OBJC_WEAK = YES;
				CLANG_WARN_BLOCK_CAPTURE_AUTORELEASING = YES;
				CLANG_WARN_BOOL_CONVERSION = YES;
				CLANG_WARN_COMMA = YES;
				CLANG_WARN_CONSTANT_CONVERSION = YES;
				CLANG_WARN_DEPRECATED_OBJC_IMPLEMENTATIONS = YES;
				CLANG_WARN_DIRECT_OBJC_ISA_USAGE = YES_ERROR;
				CLANG_WARN_DOCUMENTATION_COMMENTS = YES;
				CLANG_WARN_EMPTY_BODY = YES;
				CLANG_WARN_ENUM_CONVERSION = YES;
				CLANG_WARN_INFINITE_RECURSION = YES;
				CLANG_WARN_INT_CONVERSION = YES;
				CLANG_WARN_NON_LITERAL_NULL_CONVERSION = YES;
				CLANG_WARN_OBJC_IMPLICIT_RETAIN_SELF = YES;
				CLANG_WARN_OBJC_LITERAL_CONVERSION = YES;
				CLANG_WARN_OBJC_ROOT_CLASS = YES_ERROR;
				CLANG_WARN_QUOTED_INCLUDE_IN_FRAMEWORK_HEADER = YES;
				CLANG_WARN_RANGE_LOOP_ANALYSIS = YES;
				CLANG_WARN_STRICT_PROTOTYPES = YES;
				CLANG_WARN_SUSPICIOUS_MOVE = YES;
				CLANG_WARN_UNGUARDED_AVAILABILITY = YES_AGGRESSIVE;
				CLANG_WARN_UNREACHABLE_CODE = YES;
				CLANG_WARN__DUPLICATE_METHOD_MATCH = YES;
				COPY_PHASE_STRIP = NO;
				DEBUG_INFORMATION_FORMAT = "dwarf-with-dsym";
				ENABLE_NS_ASSERTIONS = NO;
				ENABLE_STRICT_OBJC_MSGSEND = YES;
				GCC_C_LANGUAGE_STANDARD = gnu11;
				GCC_NO_COMMON_BLOCKS = YES;
				GCC_WARN_64_TO_32_BIT_CONVERSION = YES;
				GCC_WARN_ABOUT_RETURN_TYPE = YES_ERROR;
				GCC_WARN_UNDECLARED_SELECTOR = YES;
				GCC_WARN_UNINITIALIZED_AUTOS = YES_AGGRESSIVE;
				GCC_WARN_UNUSED_FUNCTION = YES;
				GCC_WARN_UNUSED_VARIABLE = YES;
				IPHONEOS_DEPLOYMENT_TARGET = 14.4;
				MTL_ENABLE_DEBUG_INFO = NO;
				MTL_FAST_MATH = YES;
				SDKROOT = iphoneos;
				SWIFT_COMPILATION_MODE = wholemodule;
				SWIFT_OPTIMIZATION_LEVEL = "-O";
				VALIDATE_PRODUCT = YES;
			};
			name = Release;
		};
		6677904125EBA48500B3B66C /* Debug */ = {
			isa = XCBuildConfiguration;
			buildSettings = {
				ASSETCATALOG_COMPILER_APPICON_NAME = AppIcon;
				ASSETCATALOG_COMPILER_GLOBAL_ACCENT_COLOR_NAME = AccentColor;
				CODE_SIGN_STYLE = Automatic;
				DEVELOPMENT_TEAM = 76R8936VC7;
				INFOPLIST_FILE = FlickerDemo/Info.plist;
				LD_RUNPATH_SEARCH_PATHS = (
					"$(inherited)",
					"@executable_path/Frameworks",
				);
				PRODUCT_BUNDLE_IDENTIFIER = com.icarry.FlickerDemo;
				PRODUCT_NAME = "$(TARGET_NAME)";
				SWIFT_VERSION = 5.0;
				TARGETED_DEVICE_FAMILY = 1;
			};
			name = Debug;
		};
		6677904225EBA48500B3B66C /* Release */ = {
			isa = XCBuildConfiguration;
			buildSettings = {
				ASSETCATALOG_COMPILER_APPICON_NAME = AppIcon;
				ASSETCATALOG_COMPILER_GLOBAL_ACCENT_COLOR_NAME = AccentColor;
				CODE_SIGN_STYLE = Automatic;
				DEVELOPMENT_TEAM = 76R8936VC7;
				INFOPLIST_FILE = FlickerDemo/Info.plist;
				LD_RUNPATH_SEARCH_PATHS = (
					"$(inherited)",
					"@executable_path/Frameworks",
				);
				PRODUCT_BUNDLE_IDENTIFIER = com.icarry.FlickerDemo;
				PRODUCT_NAME = "$(TARGET_NAME)";
				SWIFT_VERSION = 5.0;
				TARGETED_DEVICE_FAMILY = 1;
			};
			name = Release;
		};
/* End XCBuildConfiguration section */

/* Begin XCConfigurationList section */
		6677902725EBA48300B3B66C /* Build configuration list for PBXProject "FlickerDemo" */ = {
			isa = XCConfigurationList;
			buildConfigurations = (
				6677903E25EBA48500B3B66C /* Debug */,
				6677903F25EBA48500B3B66C /* Release */,
			);
			defaultConfigurationIsVisible = 0;
			defaultConfigurationName = Release;
		};
		6677904025EBA48500B3B66C /* Build configuration list for PBXNativeTarget "FlickerDemo" */ = {
			isa = XCConfigurationList;
			buildConfigurations = (
				6677904125EBA48500B3B66C /* Debug */,
				6677904225EBA48500B3B66C /* Release */,
			);
			defaultConfigurationIsVisible = 0;
			defaultConfigurationName = Release;
		};
/* End XCConfigurationList section */

/* Begin XCRemoteSwiftPackageReference section */
		DF78ADC825ED2C2800467865 /* XCRemoteSwiftPackageReference "PKHUD" */ = {
			isa = XCRemoteSwiftPackageReference;
			repositoryURL = "https://github.com/pkluz/PKHUD";
			requirement = {
				kind = upToNextMajorVersion;
				minimumVersion = 5.4.0;
			};
		};
		DF78ADF225EFB92700467865 /* XCRemoteSwiftPackageReference "IQKeyboardManager" */ = {
			isa = XCRemoteSwiftPackageReference;
			repositoryURL = "https://github.com/hackiftekhar/IQKeyboardManager";
			requirement = {
				kind = upToNextMajorVersion;
				minimumVersion = 6.5.6;
			};
		};
/* End XCRemoteSwiftPackageReference section */

/* Begin XCSwiftPackageProductDependency section */
		DF78ADC925ED2C2800467865 /* PKHUD */ = {
			isa = XCSwiftPackageProductDependency;
			package = DF78ADC825ED2C2800467865 /* XCRemoteSwiftPackageReference "PKHUD" */;
			productName = PKHUD;
		};
		DF78ADF325EFB92700467865 /* IQKeyboardManagerSwift */ = {
			isa = XCSwiftPackageProductDependency;
			package = DF78ADF225EFB92700467865 /* XCRemoteSwiftPackageReference "IQKeyboardManager" */;
			productName = IQKeyboardManagerSwift;
		};
/* End XCSwiftPackageProductDependency section */
	};
	rootObject = 6677902425EBA48300B3B66C /* Project object */;
}
